
Microsoft Visual Studio Solution File, Format Version 12.00
# Visual Studio Version 17
VisualStudioVersion = 17.2.32630.192
MinimumVisualStudioVersion = 10.0.40219.1
Project("{FAE04EC0-301F-11D3-BF4B-00C04F79EFBC}") = "DnsP", "DnsP\DnsP.csproj", "{C29ABA0C-D63F-4E1E-968A-00963DE14122}"
EndProject
Global
	GlobalSection(SolutionConfigurationPlatforms) = preSolution
		Debug|Any CPU = Debug|Any CPU
		Release|Any CPU = Release|Any CPU
	EndGlobalSection
	GlobalSection(ProjectConfigurationPlatforms) = postSolution
		{C29ABA0C-D63F-4E1E-968A-00963DE14122}.Debug|Any CPU.ActiveCfg = Debug|Any CPU
		{C29ABA0C-D63F-4E1E-968A-00963DE14122}.Debug|Any CPU.Build.0 = Debug|Any CPU
		{C29ABA0C-D63F-4E1E-968A-00963DE14122}.Release|Any CPU.ActiveCfg = Release|Any CPU
		{C29ABA0C-D63F-4E1E-968A-00963DE14122}.Release|Any CPU.Build.0 = Release|Any CPU
	EndGlobalSection
	GlobalSection(SolutionProperties) = preSolution
		HideSolutionNode = FALSE
	EndGlobalSection
	GlobalSection(ExtensibilityGlobals) = postSolution
		SolutionGuid = {868273B5-ACD8-4012-B4DD-8E9D0DCA01AB}
	EndGlobalSection
EndGlobal
